
Microsoft Visual Studio Solution File, Format Version 12.00
# Visual Studio 15
VisualStudioVersion = 15.0.26124.0
MinimumVisualStudioVersion = 15.0.26124.0
Project("{FAE04EC0-301F-11D3-BF4B-00C04F79EFBC}") = "Noisewall", "src\Noisewall.csproj", "{F3867A84-E8E1-468B-A906-D74193B6D8BE}"
EndProject
Project("{FAE04EC0-301F-11D3-BF4B-00C04F79EFBC}") = "Noisewall.Dependencies", "dependencies\Noisewall.Dependencies.csproj", "{308323A2-5D41-40C0-9F0D-0ABED36177E1}"
EndProject
Project("{FAE04EC0-301F-11D3-BF4B-00C04F79EFBC}") = "Noisewall.Tests", "test\Noisewall.Tests.csproj", "{D9E8F56D-2257-4716-83B0-22060023509E}"
EndProject
Global
	GlobalSection(SolutionConfigurationPlatforms) = preSolution
		Debug|Any CPU = Debug|Any CPU
		Debug|x64 = Debug|x64
		Debug|x86 = Debug|x86
		Release|Any CPU = Release|Any CPU
		Release|x64 = Release|x64
		Release|x86 = Release|x86
	EndGlobalSection
	GlobalSection(SolutionProperties) = preSolution
		HideSolutionNode = FALSE
	EndGlobalSection
	GlobalSection(ProjectConfigurationPlatforms) = postSolution
		{F3867A84-E8E1-468B-A906-D74193B6D8BE}.Debug|Any CPU.ActiveCfg = Debug|Any CPU
		{F3867A84-E8E1-468B-A906-D74193B6D8BE}.Debug|Any CPU.Build.0 = Debug|Any CPU
		{F3867A84-E8E1-468B-A906-D74193B6D8BE}.Debug|x64.ActiveCfg = Debug|Any CPU
		{F3867A84-E8E1-468B-A906-D74193B6D8BE}.Debug|x64.Build.0 = Debug|Any CPU
		{F3867A84-E8E1-468B-A906-D74193B6D8BE}.Debug|x86.ActiveCfg = Debug|Any CPU
		{F3867A84-E8E1-468B-A906-D74193B6D8BE}.Debug|x86.Build.0 = Debug|Any CPU
		{F3867A84-E8E1-468B-A906-D74193B6D8BE}.Release|Any CPU.ActiveCfg = Release|Any CPU
		{F3867A84-E8E1-468B-A906-D74193B6D8BE}.Release|Any CPU.Build.0 = Release|Any CPU
		{F3867A84-E8E1-468B-A906-D74193B6D8BE}.Release|x64.ActiveCfg = Release|Any CPU
		{F3867A84-E8E1-468B-A906-D74193B6D8BE}.Release|x64.Build.0 = Release|Any CPU
		{F3867A84-E8E1-468B-A906-D74193B6D8BE}.Release|x86.ActiveCfg = Release|Any CPU
		{F3867A84-E8E1-468B-A906-D74193B6D8BE}.Release|x86.Build.0 = Release|Any CPU
		{308323A2-5D41-40C0-9F0D-0ABED36177E1}.Debug|Any CPU.ActiveCfg = Debug|Any CPU
		{308323A2-5D41-40C0-9F0D-0ABED36177E1}.Debug|Any CPU.Build.0 = Debug|Any CPU
		{308323A2-5D41-40C0-9F0D-0ABED36177E1}.Debug|x64.ActiveCfg = Debug|Any CPU
		{308323A2-5D41-40C0-9F0D-0ABED36177E1}.Debug|x64.Build.0 = Debug|Any CPU
		{308323A2-5D41-40C0-9F0D-0ABED36177E1}.Debug|x86.ActiveCfg = Debug|Any CPU
		{308323A2-5D41-40C0-9F0D-0ABED36177E1}.Debug|x86.Build.0 = Debug|Any CPU
		{308323A2-5D41-40C0-9F0D-0ABED36177E1}.Release|Any CPU.ActiveCfg = Release|Any CPU
		{308323A2-5D41-40C0-9F0D-0ABED36177E1}.Release|Any CPU.Build.0 = Release|Any CPU
		{308323A2-5D41-40C0-9F0D-0ABED36177E1}.Release|x64.ActiveCfg = Release|Any CPU
		{308323A2-5D41-40C0-9F0D-0ABED36177E1}.Release|x64.Build.0 = Release|Any CPU
		{308323A2-5D41-40C0-9F0D-0ABED36177E1}.Release|x86.ActiveCfg = Release|Any CPU
		{308323A2-5D41-40C0-9F0D-0ABED36177E1}.Release|x86.Build.0 = Release|Any CPU
		{D9E8F56D-2257-4716-83B0-22060023509E}.Debug|Any CPU.ActiveCfg = Debug|Any CPU
		{D9E8F56D-2257-4716-83B0-22060023509E}.Debug|Any CPU.Build.0 = Debug|Any CPU
		{D9E8F56D-2257-4716-83B0-22060023509E}.Debug|x64.ActiveCfg = Debug|Any CPU
		{D9E8F56D-2257-4716-83B0-22060023509E}.Debug|x64.Build.0 = Debug|Any CPU
		{D9E8F56D-2257-4716-83B0-22060023509E}.Debug|x86.ActiveCfg = Debug|Any CPU
		{D9E8F56D-2257-4716-83B0-22060023509E}.Debug|x86.Build.0 = Debug|Any CPU
		{D9E8F56D-2257-4716-83B0-22060023509E}.Release|Any CPU.ActiveCfg = Release|Any CPU
		{D9E8F56D-2257-4716-83B0-22060023509E}.Release|Any CPU.Build.0 = Release|Any CPU
		{D9E8F56D-2257-4716-83B0-22060023509E}.Release|x64.ActiveCfg = Release|Any CPU
		{D9E8F56D-2257-4716-83B0-22060023509E}.Release|x64.Build.0 = Release|Any CPU
		{D9E8F56D-2257-4716-83B0-22060023509E}.Release|x86.ActiveCfg = Release|Any CPU
		{D9E8F56D-2257-4716-83B0-22060023509E}.Release|x86.Build.0 = Release|Any CPU
	EndGlobalSection
EndGlobal
